
Microsoft Visual Studio Solution File, Format Version 12.00
# Visual Studio Version 17
VisualStudioVersion = 17.11.35303.130
MinimumVisualStudioVersion = 10.0.40219.1
Project("{9A19103F-16F7-4668-BE54-9A1E7A4F7556}") = "TodoServerApp", "TodoServerApp\TodoServerApp.csproj", "{FB4857EA-89D1-49B3-B1F0-301C53EAFD60}"
EndProject
Global
	GlobalSection(SolutionConfigurationPlatforms) = preSolution
		Debug|Any CPU = Debug|Any CPU
		Release|Any CPU = Release|Any CPU
	EndGlobalSection
	GlobalSection(ProjectConfigurationPlatforms) = postSolution
		{FB4857EA-89D1-49B3-B1F0-301C53EAFD60}.Debug|Any CPU.ActiveCfg = Debug|Any CPU
		{FB4857EA-89D1-49B3-B1F0-301C53EAFD60}.Debug|Any CPU.Build.0 = Debug|Any CPU
		{FB4857EA-89D1-49B3-B1F0-301C53EAFD60}.Release|Any CPU.ActiveCfg = Release|Any CPU
		{FB4857EA-89D1-49B3-B1F0-301C53EAFD60}.Release|Any CPU.Build.0 = Release|Any CPU
	EndGlobalSection
	GlobalSection(SolutionProperties) = preSolution
		HideSolutionNode = FALSE
	EndGlobalSection
	GlobalSection(ExtensibilityGlobals) = postSolution
		SolutionGuid = {2FF0C2D5-FF1B-48B8-A581-FF948AC5AC1D}
	EndGlobalSection
EndGlobal
